
Microsoft Visual Studio Solution File, Format Version 12.00
# Visual Studio Version 17
VisualStudioVersion = 17.8.34330.188
MinimumVisualStudioVersion = 10.0.40219.1
Project("{9A19103F-16F7-4668-BE54-9A1E7A4F7556}") = "MindCare-Central-Clinic", "MindCare-Central-Clinic\MindCare-Central-Clinic.csproj", "{BF25F5A8-3740-4DF9-BAC2-83D264F59C14}"
EndProject
Project("{9A19103F-16F7-4668-BE54-9A1E7A4F7556}") = "MindCare.Application", "MindCare.Application\MindCare.Application.csproj", "{E69ABC73-464D-458B-808E-65ECF73DF74F}"
EndProject
Global
	GlobalSection(SolutionConfigurationPlatforms) = preSolution
		Debug|Any CPU = Debug|Any CPU
		Release|Any CPU = Release|Any CPU
	EndGlobalSection
	GlobalSection(ProjectConfigurationPlatforms) = postSolution
		{BF25F5A8-3740-4DF9-BAC2-83D264F59C14}.Debug|Any CPU.ActiveCfg = Debug|Any CPU
		{BF25F5A8-3740-4DF9-BAC2-83D264F59C14}.Debug|Any CPU.Build.0 = Debug|Any CPU
		{BF25F5A8-3740-4DF9-BAC2-83D264F59C14}.Release|Any CPU.ActiveCfg = Release|Any CPU
		{BF25F5A8-3740-4DF9-BAC2-83D264F59C14}.Release|Any CPU.Build.0 = Release|Any CPU
		{E69ABC73-464D-458B-808E-65ECF73DF74F}.Debug|Any CPU.ActiveCfg = Debug|Any CPU
		{E69ABC73-464D-458B-808E-65ECF73DF74F}.Debug|Any CPU.Build.0 = Debug|Any CPU
		{E69ABC73-464D-458B-808E-65ECF73DF74F}.Release|Any CPU.ActiveCfg = Release|Any CPU
		{E69ABC73-464D-458B-808E-65ECF73DF74F}.Release|Any CPU.Build.0 = Release|Any CPU
	EndGlobalSection
	GlobalSection(SolutionProperties) = preSolution
		HideSolutionNode = FALSE
	EndGlobalSection
	GlobalSection(ExtensibilityGlobals) = postSolution
		SolutionGuid = {668B8506-F414-426E-A9ED-39321DBBEA95}
	EndGlobalSection
EndGlobal
